
Microsoft Visual Studio Solution File, Format Version 12.00
# Visual Studio Version 17
VisualStudioVersion = 17.0.32112.339
MinimumVisualStudioVersion = 10.0.40219.1
Project("{FAE04EC0-301F-11D3-BF4B-00C04F79EFBC}") = "Estudos_Modulo_1", "Estudos_Modulo_1\Estudos_Modulo_1.csproj", "{785B0090-78BF-49EB-97CE-597215DBA559}"
EndProject
Global
	GlobalSection(SolutionConfigurationPlatforms) = preSolution
		Debug|Any CPU = Debug|Any CPU
		Release|Any CPU = Release|Any CPU
	EndGlobalSection
	GlobalSection(ProjectConfigurationPlatforms) = postSolution
		{785B0090-78BF-49EB-97CE-597215DBA559}.Debug|Any CPU.ActiveCfg = Debug|Any CPU
		{785B0090-78BF-49EB-97CE-597215DBA559}.Debug|Any CPU.Build.0 = Debug|Any CPU
		{785B0090-78BF-49EB-97CE-597215DBA559}.Release|Any CPU.ActiveCfg = Release|Any CPU
		{785B0090-78BF-49EB-97CE-597215DBA559}.Release|Any CPU.Build.0 = Release|Any CPU
	EndGlobalSection
	GlobalSection(SolutionProperties) = preSolution
		HideSolutionNode = FALSE
	EndGlobalSection
	GlobalSection(ExtensibilityGlobals) = postSolution
		SolutionGuid = {57D4D7D1-37E8-47F7-BF26-EE6B17E83770}
	EndGlobalSection
EndGlobal
