
Microsoft Visual Studio Solution File, Format Version 12.00
# Visual Studio Version 17
VisualStudioVersion = 17.0.32112.339
MinimumVisualStudioVersion = 10.0.40219.1
Project("{9A19103F-16F7-4668-BE54-9A1E7A4F7556}") = "Estudos_Modulo_1", "Estudos_Modulo_1\Estudos_Modulo_1.csproj", "{785B0090-78BF-49EB-97CE-597215DBA559}"
EndProject
Project("{2150E333-8FDC-42A3-9474-1A3956D46DE8}") = "Tests", "Tests", "{B9EA4AFB-B751-499B-AFCB-17DF5EE2F407}"
EndProject
Project("{FAE04EC0-301F-11D3-BF4B-00C04F79EFBC}") = "Estudos_Modulo_1.Services.Tests", "Estudos_Modulo_1.Services.Tests\Estudos_Modulo_1.Services.Tests.csproj", "{BFBFFB48-BAB3-41E2-8FBE-3B31687861B6}"
EndProject
Project("{FAE04EC0-301F-11D3-BF4B-00C04F79EFBC}") = "Estudos_Modulo_1.Services", "Estudos_Modulo_1.Services\Estudos_Modulo_1.Services.csproj", "{39F3F5D6-8D7E-4A3E-807C-7F18C95C75FA}"
EndProject
Global
	GlobalSection(SolutionConfigurationPlatforms) = preSolution
		Debug|Any CPU = Debug|Any CPU
		Release|Any CPU = Release|Any CPU
	EndGlobalSection
	GlobalSection(ProjectConfigurationPlatforms) = postSolution
		{785B0090-78BF-49EB-97CE-597215DBA559}.Debug|Any CPU.ActiveCfg = Debug|Any CPU
		{785B0090-78BF-49EB-97CE-597215DBA559}.Debug|Any CPU.Build.0 = Debug|Any CPU
		{785B0090-78BF-49EB-97CE-597215DBA559}.Release|Any CPU.ActiveCfg = Release|Any CPU
		{785B0090-78BF-49EB-97CE-597215DBA559}.Release|Any CPU.Build.0 = Release|Any CPU
		{BFBFFB48-BAB3-41E2-8FBE-3B31687861B6}.Debug|Any CPU.ActiveCfg = Debug|Any CPU
		{BFBFFB48-BAB3-41E2-8FBE-3B31687861B6}.Debug|Any CPU.Build.0 = Debug|Any CPU
		{BFBFFB48-BAB3-41E2-8FBE-3B31687861B6}.Release|Any CPU.ActiveCfg = Release|Any CPU
		{BFBFFB48-BAB3-41E2-8FBE-3B31687861B6}.Release|Any CPU.Build.0 = Release|Any CPU
		{39F3F5D6-8D7E-4A3E-807C-7F18C95C75FA}.Debug|Any CPU.ActiveCfg = Debug|Any CPU
		{39F3F5D6-8D7E-4A3E-807C-7F18C95C75FA}.Debug|Any CPU.Build.0 = Debug|Any CPU
		{39F3F5D6-8D7E-4A3E-807C-7F18C95C75FA}.Release|Any CPU.ActiveCfg = Release|Any CPU
		{39F3F5D6-8D7E-4A3E-807C-7F18C95C75FA}.Release|Any CPU.Build.0 = Release|Any CPU
	EndGlobalSection
	GlobalSection(SolutionProperties) = preSolution
		HideSolutionNode = FALSE
	EndGlobalSection
	GlobalSection(NestedProjects) = preSolution
		{BFBFFB48-BAB3-41E2-8FBE-3B31687861B6} = {B9EA4AFB-B751-499B-AFCB-17DF5EE2F407}
	EndGlobalSection
	GlobalSection(ExtensibilityGlobals) = postSolution
		SolutionGuid = {57D4D7D1-37E8-47F7-BF26-EE6B17E83770}
	EndGlobalSection
EndGlobal
